
Microsoft Visual Studio Solution File, Format Version 12.00
# Visual Studio Version 17
VisualStudioVersion = 17.2.32630.192
MinimumVisualStudioVersion = 10.0.40219.1
Project("{9A19103F-16F7-4668-BE54-9A1E7A4F7556}") = "algorithms", "algs\algorithms.csproj", "{6630ABD5-ADD4-4466-BB0A-95E7BED3766E}"
EndProject
Project("{FAE04EC0-301F-11D3-BF4B-00C04F79EFBC}") = "ExampleAPI", "ExampleAPI\ExampleAPI.csproj", "{54055FEE-AB1B-4EA5-AF1E-0161E47C765F}"
EndProject
Global
	GlobalSection(SolutionConfigurationPlatforms) = preSolution
		Debug|Any CPU = Debug|Any CPU
		Release|Any CPU = Release|Any CPU
	EndGlobalSection
	GlobalSection(ProjectConfigurationPlatforms) = postSolution
		{6630ABD5-ADD4-4466-BB0A-95E7BED3766E}.Debug|Any CPU.ActiveCfg = Debug|Any CPU
		{6630ABD5-ADD4-4466-BB0A-95E7BED3766E}.Debug|Any CPU.Build.0 = Debug|Any CPU
		{6630ABD5-ADD4-4466-BB0A-95E7BED3766E}.Release|Any CPU.ActiveCfg = Release|Any CPU
		{6630ABD5-ADD4-4466-BB0A-95E7BED3766E}.Release|Any CPU.Build.0 = Release|Any CPU
		{54055FEE-AB1B-4EA5-AF1E-0161E47C765F}.Debug|Any CPU.ActiveCfg = Debug|Any CPU
		{54055FEE-AB1B-4EA5-AF1E-0161E47C765F}.Debug|Any CPU.Build.0 = Debug|Any CPU
		{54055FEE-AB1B-4EA5-AF1E-0161E47C765F}.Release|Any CPU.ActiveCfg = Release|Any CPU
		{54055FEE-AB1B-4EA5-AF1E-0161E47C765F}.Release|Any CPU.Build.0 = Release|Any CPU
	EndGlobalSection
	GlobalSection(SolutionProperties) = preSolution
		HideSolutionNode = FALSE
	EndGlobalSection
	GlobalSection(ExtensibilityGlobals) = postSolution
		SolutionGuid = {9DE9BF0C-6E19-4FD3-B4B8-C7A966959318}
	EndGlobalSection
EndGlobal
